
Microsoft Visual Studio Solution File, Format Version 12.00
# Visual Studio Version 17
VisualStudioVersion = 17.11.35208.52
MinimumVisualStudioVersion = 10.0.40219.1
Project("{FAE04EC0-301F-11D3-BF4B-00C04F79EFBC}") = "TodoApi", "TodoApi.csproj", "{FA8E016E-AA63-47BA-A6A3-2A0E98AD6157}"
EndProject
Global
	GlobalSection(SolutionConfigurationPlatforms) = preSolution
		Debug|Any CPU = Debug|Any CPU
		Release|Any CPU = Release|Any CPU
	EndGlobalSection
	GlobalSection(ProjectConfigurationPlatforms) = postSolution
		{FA8E016E-AA63-47BA-A6A3-2A0E98AD6157}.Debug|Any CPU.ActiveCfg = Debug|Any CPU
		{FA8E016E-AA63-47BA-A6A3-2A0E98AD6157}.Debug|Any CPU.Build.0 = Debug|Any CPU
		{FA8E016E-AA63-47BA-A6A3-2A0E98AD6157}.Release|Any CPU.ActiveCfg = Release|Any CPU
		{FA8E016E-AA63-47BA-A6A3-2A0E98AD6157}.Release|Any CPU.Build.0 = Release|Any CPU
	EndGlobalSection
	GlobalSection(SolutionProperties) = preSolution
		HideSolutionNode = FALSE
	EndGlobalSection
	GlobalSection(ExtensibilityGlobals) = postSolution
		SolutionGuid = {4C8115E5-A404-4338-9E2B-37ED0EDED6A5}
	EndGlobalSection
EndGlobal
